
Microsoft Visual Studio Solution File, Format Version 12.00
# Visual Studio Version 16
VisualStudioVersion = 16.0.31702.278
MinimumVisualStudioVersion = 10.0.40219.1
Project("{9A19103F-16F7-4668-BE54-9A1E7A4F7556}") = "BlackJackApp", "BlackJackApp.csproj", "{5987CC6D-7363-447E-B812-63FD65C0A26B}"
EndProject
Project("{9A19103F-16F7-4668-BE54-9A1E7A4F7556}") = "GameCardLib", "..\GameCardLib\GameCardLib.csproj", "{64E94700-DC4A-48B1-A4C0-41CFF0FBF869}"
EndProject
Project("{9A19103F-16F7-4668-BE54-9A1E7A4F7556}") = "UtilitiesLib", "..\UtilitiesLib\UtilitiesLib.csproj", "{61CFAAD0-B4E7-410E-8F58-9587289B153E}"
EndProject
Global
	GlobalSection(SolutionConfigurationPlatforms) = preSolution
		Debug|Any CPU = Debug|Any CPU
		Release|Any CPU = Release|Any CPU
	EndGlobalSection
	GlobalSection(ProjectConfigurationPlatforms) = postSolution
		{5987CC6D-7363-447E-B812-63FD65C0A26B}.Debug|Any CPU.ActiveCfg = Debug|Any CPU
		{5987CC6D-7363-447E-B812-63FD65C0A26B}.Debug|Any CPU.Build.0 = Debug|Any CPU
		{5987CC6D-7363-447E-B812-63FD65C0A26B}.Release|Any CPU.ActiveCfg = Release|Any CPU
		{5987CC6D-7363-447E-B812-63FD65C0A26B}.Release|Any CPU.Build.0 = Release|Any CPU
		{64E94700-DC4A-48B1-A4C0-41CFF0FBF869}.Debug|Any CPU.ActiveCfg = Debug|Any CPU
		{64E94700-DC4A-48B1-A4C0-41CFF0FBF869}.Debug|Any CPU.Build.0 = Debug|Any CPU
		{64E94700-DC4A-48B1-A4C0-41CFF0FBF869}.Release|Any CPU.ActiveCfg = Release|Any CPU
		{64E94700-DC4A-48B1-A4C0-41CFF0FBF869}.Release|Any CPU.Build.0 = Release|Any CPU
		{61CFAAD0-B4E7-410E-8F58-9587289B153E}.Debug|Any CPU.ActiveCfg = Debug|Any CPU
		{61CFAAD0-B4E7-410E-8F58-9587289B153E}.Debug|Any CPU.Build.0 = Debug|Any CPU
		{61CFAAD0-B4E7-410E-8F58-9587289B153E}.Release|Any CPU.ActiveCfg = Release|Any CPU
		{61CFAAD0-B4E7-410E-8F58-9587289B153E}.Release|Any CPU.Build.0 = Release|Any CPU
	EndGlobalSection
	GlobalSection(SolutionProperties) = preSolution
		HideSolutionNode = FALSE
	EndGlobalSection
	GlobalSection(ExtensibilityGlobals) = postSolution
		SolutionGuid = {DB18D20F-4219-40B5-AE9D-53CEC443540B}
	EndGlobalSection
EndGlobal
